
Microsoft Visual Studio Solution File, Format Version 12.00
Project("{FAE04EC0-301F-11D3-BF4B-00C04F79EFBC}") = "LngExt.Learnings.Tests", "tests\LngExt.Learnings.Tests\LngExt.Learnings.Tests.csproj", "{3B50D125-D1B9-4412-8533-8999A9D8B552}"
EndProject
Project("{FAE04EC0-301F-11D3-BF4B-00C04F79EFBC}") = "LngExt.Learnings.Files", "src\LngExt.Learnings.Files\LngExt.Learnings.Files.csproj", "{13D909A7-E0F6-446B-8CA2-E8A2DB6B7A32}"
EndProject
Project("{FAE04EC0-301F-11D3-BF4B-00C04F79EFBC}") = "LngExt.Learning.Azure.Queues", "src\LngExt.Learning.Azure.Queues\LngExt.Learning.Azure.Queues.csproj", "{A6CE1653-0E57-4805-9841-91706D9F8EB7}"
EndProject
Project("{FAE04EC0-301F-11D3-BF4B-00C04F79EFBC}") = "LngExt.Learnings.Primal.Tests", "tests\LngExt.Learnings.Primal.Tests\LngExt.Learnings.Primal.Tests.csproj", "{69C4DFE9-9BEF-4883-A9D4-63002A9CB3B1}"
EndProject
Global
	GlobalSection(SolutionConfigurationPlatforms) = preSolution
		Debug|Any CPU = Debug|Any CPU
		Release|Any CPU = Release|Any CPU
	EndGlobalSection
	GlobalSection(ProjectConfigurationPlatforms) = postSolution
		{3B50D125-D1B9-4412-8533-8999A9D8B552}.Debug|Any CPU.ActiveCfg = Debug|Any CPU
		{3B50D125-D1B9-4412-8533-8999A9D8B552}.Debug|Any CPU.Build.0 = Debug|Any CPU
		{3B50D125-D1B9-4412-8533-8999A9D8B552}.Release|Any CPU.ActiveCfg = Release|Any CPU
		{3B50D125-D1B9-4412-8533-8999A9D8B552}.Release|Any CPU.Build.0 = Release|Any CPU
		{13D909A7-E0F6-446B-8CA2-E8A2DB6B7A32}.Debug|Any CPU.ActiveCfg = Debug|Any CPU
		{13D909A7-E0F6-446B-8CA2-E8A2DB6B7A32}.Debug|Any CPU.Build.0 = Debug|Any CPU
		{13D909A7-E0F6-446B-8CA2-E8A2DB6B7A32}.Release|Any CPU.ActiveCfg = Release|Any CPU
		{13D909A7-E0F6-446B-8CA2-E8A2DB6B7A32}.Release|Any CPU.Build.0 = Release|Any CPU
		{A6CE1653-0E57-4805-9841-91706D9F8EB7}.Debug|Any CPU.ActiveCfg = Debug|Any CPU
		{A6CE1653-0E57-4805-9841-91706D9F8EB7}.Debug|Any CPU.Build.0 = Debug|Any CPU
		{A6CE1653-0E57-4805-9841-91706D9F8EB7}.Release|Any CPU.ActiveCfg = Release|Any CPU
		{A6CE1653-0E57-4805-9841-91706D9F8EB7}.Release|Any CPU.Build.0 = Release|Any CPU
		{69C4DFE9-9BEF-4883-A9D4-63002A9CB3B1}.Debug|Any CPU.ActiveCfg = Debug|Any CPU
		{69C4DFE9-9BEF-4883-A9D4-63002A9CB3B1}.Debug|Any CPU.Build.0 = Debug|Any CPU
		{69C4DFE9-9BEF-4883-A9D4-63002A9CB3B1}.Release|Any CPU.ActiveCfg = Release|Any CPU
		{69C4DFE9-9BEF-4883-A9D4-63002A9CB3B1}.Release|Any CPU.Build.0 = Release|Any CPU
	EndGlobalSection
EndGlobal
